{
    "version": 3,
    "terraform_version": "0.11.13",
    "serial": 3,
    "lineage": "0f36b608-68a8-9e33-c6d6-076777797e69",
    "modules": [
        {
            "path": [
                "root"
            ],
            "outputs": {},
            "resources": {
                "aws_eip.ip": {
                    "type": "aws_eip",
                    "depends_on": [
                        "aws_instance.example"
                    ],
                    "primary": {
                        "id": "eipalloc-0215ba5016c950941",
                        "attributes": {
                            "association_id": "eipassoc-08f74b60c0b3ba5b4",
                            "domain": "vpc",
                            "id": "eipalloc-0215ba5016c950941",
                            "instance": "i-087706498e4db7a37",
                            "network_interface": "eni-043fda67c8edb368c",
                            "private_dns": "ip-172-31-78-84.ec2.internal",
                            "private_ip": "172.31.78.84",
                            "public_dns": "ec2-52-203-91-245.compute-1.amazonaws.com",
                            "public_ip": "52.203.91.245",
                            "public_ipv4_pool": "amazon",
                            "tags.%": "0",
                            "vpc": "true"
                        },
                        "meta": {
                            "e2bfb730-ecaa-11e6-8f88-34363bc7c4c0": {
                                "delete": 180000000000,
                                "read": 900000000000,
                                "update": 300000000000
                            }
                        },
                        "tainted": false
                    },
                    "deposed": [],
                    "provider": "provider.aws"
                },
                "aws_instance.example": {
                    "type": "aws_instance",
                    "depends_on": [],
                    "primary": {
                        "id": "i-087706498e4db7a37",
                        "attributes": {
                            "ami": "ami-b374d5a5",
                            "arn": "arn:aws:ec2:us-east-1:062897768205:instance/i-087706498e4db7a37",
                            "associate_public_ip_address": "true",
                            "availability_zone": "us-east-1a",
                            "cpu_core_count": "1",
                            "cpu_threads_per_core": "1",
                            "credit_specification.#": "1",
                            "credit_specification.0.cpu_credits": "standard",
                            "disable_api_termination": "false",
                            "ebs_block_device.#": "0",
                            "ebs_optimized": "false",
                            "ephemeral_block_device.#": "0",
                            "get_password_data": "false",
                            "iam_instance_profile": "",
                            "id": "i-087706498e4db7a37",
                            "instance_state": "running",
                            "instance_type": "t2.micro",
                            "ipv6_addresses.#": "0",
                            "key_name": "",
                            "monitoring": "false",
                            "network_interface.#": "0",
                            "password_data": "",
                            "placement_group": "",
                            "primary_network_interface_id": "eni-043fda67c8edb368c",
                            "private_dns": "ip-172-31-78-84.ec2.internal",
                            "private_ip": "172.31.78.84",
                            "public_dns": "ec2-3-95-197-134.compute-1.amazonaws.com",
                            "public_ip": "3.95.197.134",
                            "root_block_device.#": "1",
                            "root_block_device.0.delete_on_termination": "true",
                            "root_block_device.0.iops": "100",
                            "root_block_device.0.volume_id": "vol-0ebf5d398a416cd56",
                            "root_block_device.0.volume_size": "8",
                            "root_block_device.0.volume_type": "gp2",
                            "security_groups.#": "1",
                            "security_groups.3814588639": "default",
                            "source_dest_check": "true",
                            "subnet_id": "subnet-5f70c773",
                            "tags.%": "0",
                            "tenancy": "default",
                            "volume_tags.%": "0",
                            "vpc_security_group_ids.#": "1",
                            "vpc_security_group_ids.878333001": "sg-ae3af6df"
                        },
                        "meta": {
                            "e2bfb730-ecaa-11e6-8f88-34363bc7c4c0": {
                                "create": 600000000000,
                                "delete": 1200000000000,
                                "update": 600000000000
                            },
                            "schema_version": "1"
                        },
                        "tainted": false
                    },
                    "deposed": [],
                    "provider": "provider.aws"
                }
            },
            "depends_on": []
        }
    ]
}
